// !$*UTF8*$!
{
	archiveVersion = 1;
	classes = {
	};
	objectVersion = 50;
	objects = {

/* Begin PBXBuildFile section */
		96F57542214F9A7D00FC23C9 /* AppDelegate.swift in Sources */ = {isa = PBXBuildFile; fileRef = 96F57541214F9A7D00FC23C9 /* AppDelegate.swift */; };
		96F57544214F9A7D00FC23C9 /* ViewController.swift in Sources */ = {isa = PBXBuildFile; fileRef = 96F57543214F9A7D00FC23C9 /* ViewController.swift */; };
		96F57547214F9A7D00FC23C9 /* Main.storyboard in Resources */ = {isa = PBXBuildFile; fileRef = 96F57545214F9A7D00FC23C9 /* Main.storyboard */; };
		96F57549214F9A7E00FC23C9 /* Assets.xcassets in Resources */ = {isa = PBXBuildFile; fileRef = 96F57548214F9A7E00FC23C9 /* Assets.xcassets */; };
		96F5754C214F9A7E00FC23C9 /* LaunchScreen.storyboard in Resources */ = {isa = PBXBuildFile; fileRef = 96F5754A214F9A7E00FC23C9 /* LaunchScreen.storyboard */; };
		96F57555214F9AFD00FC23C9 /* SwiftShadowImageView.swift in Sources */ = {isa = PBXBuildFile; fileRef = 96F57554214F9AFD00FC23C9 /* SwiftShadowImageView.swift */; };
/* End PBXBuildFile section */

/* Begin PBXFileReference section */
		96F5753E214F9A7D00FC23C9 /* Swift_Shadow_ImageView.app */ = {isa = PBXFileReference; explicitFileType = wrapper.application; includeInIndex = 0; path = Swift_Shadow_ImageView.app; sourceTree = BUILT_PRODUCTS_DIR; };
		96F57541214F9A7D00FC23C9 /* AppDelegate.swift */ = {isa = PBXFileReference; lastKnownFileType = sourcecode.swift; path = AppDelegate.swift; sourceTree = "<group>"; };
		96F57543214F9A7D00FC23C9 /* ViewController.swift */ = {isa = PBXFileReference; lastKnownFileType = sourcecode.swift; path = ViewController.swift; sourceTree = "<group>"; };
		96F57546214F9A7D00FC23C9 /* Base */ = {isa = PBXFileReference; lastKnownFileType = file.storyboard; name = Base; path = Base.lproj/Main.storyboard; sourceTree = "<group>"; };
		96F57548214F9A7E00FC23C9 /* Assets.xcassets */ = {isa = PBXFileReference; lastKnownFileType = folder.assetcatalog; path = Assets.xcassets; sourceTree = "<group>"; };
		96F5754B214F9A7E00FC23C9 /* Base */ = {isa = PBXFileReference; lastKnownFileType = file.storyboard; name = Base; path = Base.lproj/LaunchScreen.storyboard; sourceTree = "<group>"; };
		96F5754D214F9A7E00FC23C9 /* Info.plist */ = {isa = PBXFileReference; lastKnownFileType = text.plist.xml; path = Info.plist; sourceTree = "<group>"; };
		96F57554214F9AFD00FC23C9 /* SwiftShadowImageView.swift */ = {isa = PBXFileReference; lastKnownFileType = sourcecode.swift; path = SwiftShadowImageView.swift; sourceTree = "<group>"; };
/* End PBXFileReference section */

/* Begin PBXFrameworksBuildPhase section */
		96F5753B214F9A7D00FC23C9 /* Frameworks */ = {
			isa = PBXFrameworksBuildPhase;
			buildActionMask = 2147483647;
			files = (
			);
			runOnlyForDeploymentPostprocessing = 0;
		};
/* End PBXFrameworksBuildPhase section */

/* Begin PBXGroup section */
		96F57535214F9A7D00FC23C9 = {
			isa = PBXGroup;
			children = (
				96F57540214F9A7D00FC23C9 /* Swift_Shadow_ImageView */,
				96F5753F214F9A7D00FC23C9 /* Products */,
			);
			sourceTree = "<group>";
		};
		96F5753F214F9A7D00FC23C9 /* Products */ = {
			isa = PBXGroup;
			children = (
				96F5753E214F9A7D00FC23C9 /* Swift_Shadow_ImageView.app */,
			);
			name = Products;
			sourceTree = "<group>";
		};
		96F57540214F9A7D00FC23C9 /* Swift_Shadow_ImageView */ = {
			isa = PBXGroup;
			children = (
				96F57541214F9A7D00FC23C9 /* AppDelegate.swift */,
				96F57543214F9A7D00FC23C9 /* ViewController.swift */,
				96F57553214F9AC300FC23C9 /* Shadow Image View */,
				96F57545214F9A7D00FC23C9 /* Main.storyboard */,
				96F57548214F9A7E00FC23C9 /* Assets.xcassets */,
				96F5754A214F9A7E00FC23C9 /* LaunchScreen.storyboard */,
				96F5754D214F9A7E00FC23C9 /* Info.plist */,
			);
			path = Swift_Shadow_ImageView;
			sourceTree = "<group>";
		};
		96F57553214F9AC300FC23C9 /* Shadow Image View */ = {
			isa = PBXGroup;
			children = (
				96F57554214F9AFD00FC23C9 /* SwiftShadowImageView.swift */,
			);
			path = "Shadow Image View";
			sourceTree = "<group>";
		};
/* End PBXGroup section */

/* Begin PBXNativeTarget section */
		96F5753D214F9A7D00FC23C9 /* Swift_Shadow_ImageView */ = {
			isa = PBXNativeTarget;
			buildConfigurationList = 96F57550214F9A7E00FC23C9 /* Build configuration list for PBXNativeTarget "Swift_Shadow_ImageView" */;
			buildPhases = (
				96F5753A214F9A7D00FC23C9 /* Sources */,
				96F5753B214F9A7D00FC23C9 /* Frameworks */,
				96F5753C214F9A7D00FC23C9 /* Resources */,
			);
			buildRules = (
			);
			dependencies = (
			);
			name = Swift_Shadow_ImageView;
			productName = Swift_Shadow_ImageView;
			productReference = 96F5753E214F9A7D00FC23C9 /* Swift_Shadow_ImageView.app */;
			productType = "com.apple.product-type.application";
		};
/* End PBXNativeTarget section */

/* Begin PBXProject section */
		96F57536214F9A7D00FC23C9 /* Project object */ = {
			isa = PBXProject;
			attributes = {
				LastSwiftUpdateCheck = 0940;
				LastUpgradeCheck = 0940;
				ORGANIZATIONNAME = "George Leonidas";
				TargetAttributes = {
					96F5753D214F9A7D00FC23C9 = {
						CreatedOnToolsVersion = 9.4.1;
						LastSwiftMigration = 1000;
					};
				};
			};
			buildConfigurationList = 96F57539214F9A7D00FC23C9 /* Build configuration list for PBXProject "Swift_Shadow_ImageView" */;
			compatibilityVersion = "Xcode 9.3";
			developmentRegion = en;
			hasScannedForEncodings = 0;
			knownRegions = (
				en,
				Base,
			);
			mainGroup = 96F57535214F9A7D00FC23C9;
			productRefGroup = 96F5753F214F9A7D00FC23C9 /* Products */;
			projectDirPath = "";
			projectRoot = "";
			targets = (
				96F5753D214F9A7D00FC23C9 /* Swift_Shadow_ImageView */,
			);
		};
/* End PBXProject section */

/* Begin PBXResourcesBuildPhase section */
		96F5753C214F9A7D00FC23C9 /* Resources */ = {
			isa = PBXResourcesBuildPhase;
			buildActionMask = 2147483647;
			files = (
				96F5754C214F9A7E00FC23C9 /* LaunchScreen.storyboard in Resources */,
				96F57549214F9A7E00FC23C9 /* Assets.xcassets in Resources */,
				96F57547214F9A7D00FC23C9 /* Main.storyboard in Resources */,
			);
			runOnlyForDeploymentPostprocessing = 0;
		};
/* End PBXResourcesBuildPhase section */

/* Begin PBXSourcesBuildPhase section */
		96F5753A214F9A7D00FC23C9 /* Sources */ = {
			isa = PBXSourcesBuildPhase;
			buildActionMask = 2147483647;
			files = (
				96F57555214F9AFD00FC23C9 /* SwiftShadowImageView.swift in Sources */,
				96F57544214F9A7D00FC23C9 /* ViewController.swift in Sources */,
				96F57542214F9A7D00FC23C9 /* AppDelegate.swift in Sources */,
			);
			runOnlyForDeploymentPostprocessing = 0;
		};
/* End PBXSourcesBuildPhase section */

/* Begin PBXVariantGroup section */
		96F57545214F9A7D00FC23C9 /* Main.storyboard */ = {
			isa = PBXVariantGroup;
			children = (
				96F57546214F9A7D00FC23C9 /* Base */,
			);
			name = Main.storyboard;
			sourceTree = "<group>";
		};
		96F5754A214F9A7E00FC23C9 /* LaunchScreen.storyboard */ = {
			isa = PBXVariantGroup;
			children = (
				96F5754B214F9A7E00FC23C9 /* Base */,
			);
			name = LaunchScreen.storyboard;
			sourceTree = "<group>";
		};
/* End PBXVariantGroup section */

/* Begin XCBuildConfiguration section */
		96F5754E214F9A7E00FC23C9 /* Debug */ = {
			isa = XCBuildConfiguration;
			buildSettings = {
				ALWAYS_SEARCH_USER_PATHS = NO;
				CLANG_ANALYZER_NONNULL = YES;
				CLANG_ANALYZER_NUMBER_OBJECT_CONVERSION = YES_AGGRESSIVE;
				CLANG_CXX_LANGUAGE_STANDARD = "gnu++14";
				CLANG_CXX_LIBRARY = "libc++";
				CLANG_ENABLE_MODULES = YES;
				CLANG_ENABLE_OBJC_ARC = YES;
				CLANG_ENABLE_OBJC_WEAK = YES;
				CLANG_WARN_BLOCK_CAPTURE_AUTORELEASING = YES;
				CLANG_WARN_BOOL_CONVERSION = YES;
				CLANG_WARN_COMMA = YES;
				CLANG_WARN_CONSTANT_CONVERSION = YES;
				CLANG_WARN_DEPRECATED_OBJC_IMPLEMENTATIONS = YES;
				CLANG_WARN_DIRECT_OBJC_ISA_USAGE = YES_ERROR;
				CLANG_WARN_DOCUMENTATION_COMMENTS = YES;
				CLANG_WARN_EMPTY_BODY = YES;
				CLANG_WARN_ENUM_CONVERSION = YES;
				CLANG_WARN_INFINITE_RECURSION = YES;
				CLANG_WARN_INT_CONVERSION = YES;
				CLANG_WARN_NON_LITERAL_NULL_CONVERSION = YES;
				CLANG_WARN_OBJC_IMPLICIT_RETAIN_SELF = YES;
				CLANG_WARN_OBJC_LITERAL_CONVERSION = YES;
				CLANG_WARN_OBJC_ROOT_CLASS = YES_ERROR;
				CLANG_WARN_RANGE_LOOP_ANALYSIS = YES;
				CLANG_WARN_STRICT_PROTOTYPES = YES;
				CLANG_WARN_SUSPICIOUS_MOVE = YES;
				CLANG_WARN_UNGUARDED_AVAILABILITY = YES_AGGRESSIVE;
				CLANG_WARN_UNREACHABLE_CODE = YES;
				CLANG_WARN__DUPLICATE_METHOD_MATCH = YES;
				CODE_SIGN_IDENTITY = "iPhone Developer";
				COPY_PHASE_STRIP = NO;
				DEBUG_INFORMATION_FORMAT = dwarf;
				ENABLE_STRICT_OBJC_MSGSEND = YES;
				ENABLE_TESTABILITY = YES;
				GCC_C_LANGUAGE_STANDARD = gnu11;
				GCC_DYNAMIC_NO_PIC = NO;
				GCC_NO_COMMON_BLOCKS = YES;
				GCC_OPTIMIZATION_LEVEL = 0;
				GCC_PREPROCESSOR_DEFINITIONS = (
					"DEBUG=1",
					"$(inherited)",
				);
				GCC_WARN_64_TO_32_BIT_CONVERSION = YES;
				GCC_WARN_ABOUT_RETURN_TYPE = YES_ERROR;
				GCC_WARN_UNDECLARED_SELECTOR = YES;
				GCC_WARN_UNINITIALIZED_AUTOS = YES_AGGRESSIVE;
				GCC_WARN_UNUSED_FUNCTION = YES;
				GCC_WARN_UNUSED_VARIABLE = YES;
				IPHONEOS_DEPLOYMENT_TARGET = 11.4;
				MTL_ENABLE_DEBUG_INFO = YES;
				ONLY_ACTIVE_ARCH = YES;
				SDKROOT = iphoneos;
				SWIFT_ACTIVE_COMPILATION_CONDITIONS = DEBUG;
				SWIFT_OPTIMIZATION_LEVEL = "-Onone";
			};
			name = Debug;
		};
		96F5754F214F9A7E00FC23C9 /* Release */ = {
			isa = XCBuildConfiguration;
			buildSettings = {
				ALWAYS_SEARCH_USER_PATHS = NO;
				CLANG_ANALYZER_NONNULL = YES;
				CLANG_ANALYZER_NUMBER_OBJECT_CONVERSION = YES_AGGRESSIVE;
				CLANG_CXX_LANGUAGE_STANDARD = "gnu++14";
				CLANG_CXX_LIBRARY = "libc++";
				CLANG_ENABLE_MODULES = YES;
				CLANG_ENABLE_OBJC_ARC = YES;
				CLANG_ENABLE_OBJC_WEAK = YES;
				CLANG_WARN_BLOCK_CAPTURE_AUTORELEASING = YES;
				CLANG_WARN_BOOL_CONVERSION = YES;
				CLANG_WARN_COMMA = YES;
				CLANG_WARN_CONSTANT_CONVERSION = YES;
				CLANG_WARN_DEPRECATED_OBJC_IMPLEMENTATIONS = YES;
				CLANG_WARN_DIRECT_OBJC_ISA_USAGE = YES_ERROR;
				CLANG_WARN_DOCUMENTATION_COMMENTS = YES;
				CLANG_WARN_EMPTY_BODY = YES;
				CLANG_WARN_ENUM_CONVERSION = YES;
				CLANG_WARN_INFINITE_RECURSION = YES;
				CLANG_WARN_INT_CONVERSION = YES;
				CLANG_WARN_NON_LITERAL_NULL_CONVERSION = YES;
				CLANG_WARN_OBJC_IMPLICIT_RETAIN_SELF = YES;
				CLANG_WARN_OBJC_LITERAL_CONVERSION = YES;
				CLANG_WARN_OBJC_ROOT_CLASS = YES_ERROR;
				CLANG_WARN_RANGE_LOOP_ANALYSIS = YES;
				CLANG_WARN_STRICT_PROTOTYPES = YES;
				CLANG_WARN_SUSPICIOUS_MOVE = YES;
				CLANG_WARN_UNGUARDED_AVAILABILITY = YES_AGGRESSIVE;
				CLANG_WARN_UNREACHABLE_CODE = YES;
				CLANG_WARN__DUPLICATE_METHOD_MATCH = YES;
				CODE_SIGN_IDENTITY = "iPhone Developer";
				COPY_PHASE_STRIP = NO;
				DEBUG_INFORMATION_FORMAT = "dwarf-with-dsym";
				ENABLE_NS_ASSERTIONS = NO;
				ENABLE_STRICT_OBJC_MSGSEND = YES;
				GCC_C_LANGUAGE_STANDARD = gnu11;
				GCC_NO_COMMON_BLOCKS = YES;
				GCC_WARN_64_TO_32_BIT_CONVERSION = YES;
				GCC_WARN_ABOUT_RETURN_TYPE = YES_ERROR;
				GCC_WARN_UNDECLARED_SELECTOR = YES;
				GCC_WARN_UNINITIALIZED_AUTOS = YES_AGGRESSIVE;
				GCC_WARN_UNUSED_FUNCTION = YES;
				GCC_WARN_UNUSED_VARIABLE = YES;
				IPHONEOS_DEPLOYMENT_TARGET = 11.4;
				MTL_ENABLE_DEBUG_INFO = NO;
				SDKROOT = iphoneos;
				SWIFT_COMPILATION_MODE = wholemodule;
				SWIFT_OPTIMIZATION_LEVEL = "-O";
				VALIDATE_PRODUCT = YES;
			};
			name = Release;
		};
		96F57551214F9A7E00FC23C9 /* Debug */ = {
			isa = XCBuildConfiguration;
			buildSettings = {
				ASSETCATALOG_COMPILER_APPICON_NAME = AppIcon;
				CODE_SIGN_STYLE = Automatic;
				DEVELOPMENT_TEAM = 4TQY6KETM2;
				INFOPLIST_FILE = Swift_Shadow_ImageView/Info.plist;
				LD_RUNPATH_SEARCH_PATHS = (
					"$(inherited)",
					"@executable_path/Frameworks",
				);
				PRODUCT_BUNDLE_IDENTIFIER = "com.georgeleonidas.Swift-Shadow-ImageView";
				PRODUCT_NAME = "$(TARGET_NAME)";
				SWIFT_VERSION = 4.2;
				TARGETED_DEVICE_FAMILY = "1,2";
			};
			name = Debug;
		};
		96F57552214F9A7E00FC23C9 /* Release */ = {
			isa = XCBuildConfiguration;
			buildSettings = {
				ASSETCATALOG_COMPILER_APPICON_NAME = AppIcon;
				CODE_SIGN_STYLE = Automatic;
				DEVELOPMENT_TEAM = 4TQY6KETM2;
				INFOPLIST_FILE = Swift_Shadow_ImageView/Info.plist;
				LD_RUNPATH_SEARCH_PATHS = (
					"$(inherited)",
					"@executable_path/Frameworks",
				);
				PRODUCT_BUNDLE_IDENTIFIER = "com.georgeleonidas.Swift-Shadow-ImageView";
				PRODUCT_NAME = "$(TARGET_NAME)";
				SWIFT_VERSION = 4.2;
				TARGETED_DEVICE_FAMILY = "1,2";
			};
			name = Release;
		};
/* End XCBuildConfiguration section */

/* Begin XCConfigurationList section */
		96F57539214F9A7D00FC23C9 /* Build configuration list for PBXProject "Swift_Shadow_ImageView" */ = {
			isa = XCConfigurationList;
			buildConfigurations = (
				96F5754E214F9A7E00FC23C9 /* Debug */,
				96F5754F214F9A7E00FC23C9 /* Release */,
			);
			defaultConfigurationIsVisible = 0;
			defaultConfigurationName = Release;
		};
		96F57550214F9A7E00FC23C9 /* Build configuration list for PBXNativeTarget "Swift_Shadow_ImageView" */ = {
			isa = XCConfigurationList;
			buildConfigurations = (
				96F57551214F9A7E00FC23C9 /* Debug */,
				96F57552214F9A7E00FC23C9 /* Release */,
			);
			defaultConfigurationIsVisible = 0;
			defaultConfigurationName = Release;
		};
/* End XCConfigurationList section */
	};
	rootObject = 96F57536214F9A7D00FC23C9 /* Project object */;
}
